
Microsoft Visual Studio Solution File, Format Version 12.00
# Visual Studio 14
VisualStudioVersion = 14.0.25420.1
MinimumVisualStudioVersion = 10.0.40219.1
Project("{FAE04EC0-301F-11D3-BF4B-00C04F79EFBC}") = "1.NumberOfRowsInCategories", "1.NumberOfRowsInCategories\1.NumberOfRowsInCategories.csproj", "{DE5AAA3C-D51B-43D6-B19E-BCF1F40F494F}"
EndProject
Project("{FAE04EC0-301F-11D3-BF4B-00C04F79EFBC}") = "2.AllCategoriesInNorthwind", "2.AllCategoriesInNorthwind\2.AllCategoriesInNorthwind.csproj", "{7F0A7701-6306-4DE5-BBBF-5A7CCE44884A}"
EndProject
Project("{FAE04EC0-301F-11D3-BF4B-00C04F79EFBC}") = "3.CategoriesAndProducts", "3.CategoriesAndProducts\3.CategoriesAndProducts.csproj", "{76FA930F-B874-4219-909E-FDDD5E079BB2}"
EndProject
Project("{FAE04EC0-301F-11D3-BF4B-00C04F79EFBC}") = "4.AddProduct", "4.AddProduct\4.AddProduct.csproj", "{E7BBAA9A-C330-4FB9-9C8E-C2B5F075CA47}"
EndProject
Global
	GlobalSection(SolutionConfigurationPlatforms) = preSolution
		Debug|Any CPU = Debug|Any CPU
		Release|Any CPU = Release|Any CPU
	EndGlobalSection
	GlobalSection(ProjectConfigurationPlatforms) = postSolution
		{DE5AAA3C-D51B-43D6-B19E-BCF1F40F494F}.Debug|Any CPU.ActiveCfg = Debug|Any CPU
		{DE5AAA3C-D51B-43D6-B19E-BCF1F40F494F}.Debug|Any CPU.Build.0 = Debug|Any CPU
		{DE5AAA3C-D51B-43D6-B19E-BCF1F40F494F}.Release|Any CPU.ActiveCfg = Release|Any CPU
		{DE5AAA3C-D51B-43D6-B19E-BCF1F40F494F}.Release|Any CPU.Build.0 = Release|Any CPU
		{7F0A7701-6306-4DE5-BBBF-5A7CCE44884A}.Debug|Any CPU.ActiveCfg = Debug|Any CPU
		{7F0A7701-6306-4DE5-BBBF-5A7CCE44884A}.Debug|Any CPU.Build.0 = Debug|Any CPU
		{7F0A7701-6306-4DE5-BBBF-5A7CCE44884A}.Release|Any CPU.ActiveCfg = Release|Any CPU
		{7F0A7701-6306-4DE5-BBBF-5A7CCE44884A}.Release|Any CPU.Build.0 = Release|Any CPU
		{76FA930F-B874-4219-909E-FDDD5E079BB2}.Debug|Any CPU.ActiveCfg = Debug|Any CPU
		{76FA930F-B874-4219-909E-FDDD5E079BB2}.Debug|Any CPU.Build.0 = Debug|Any CPU
		{76FA930F-B874-4219-909E-FDDD5E079BB2}.Release|Any CPU.ActiveCfg = Release|Any CPU
		{76FA930F-B874-4219-909E-FDDD5E079BB2}.Release|Any CPU.Build.0 = Release|Any CPU
		{E7BBAA9A-C330-4FB9-9C8E-C2B5F075CA47}.Debug|Any CPU.ActiveCfg = Debug|Any CPU
		{E7BBAA9A-C330-4FB9-9C8E-C2B5F075CA47}.Debug|Any CPU.Build.0 = Debug|Any CPU
		{E7BBAA9A-C330-4FB9-9C8E-C2B5F075CA47}.Release|Any CPU.ActiveCfg = Release|Any CPU
		{E7BBAA9A-C330-4FB9-9C8E-C2B5F075CA47}.Release|Any CPU.Build.0 = Release|Any CPU
	EndGlobalSection
	GlobalSection(SolutionProperties) = preSolution
		HideSolutionNode = FALSE
	EndGlobalSection
EndGlobal
