
Microsoft Visual Studio Solution File, Format Version 12.00
# Visual Studio 14
VisualStudioVersion = 14.0.25420.1
MinimumVisualStudioVersion = 10.0.40219.1
Project("{FAE04EC0-301F-11D3-BF4B-00C04F79EFBC}") = "ChainOfResponsibility", "ChainOfResponsibility\ChainOfResponsibility.csproj", "{A08FCE47-3F4C-461D-A483-9E3D03DA72DB}"
EndProject
Project("{FAE04EC0-301F-11D3-BF4B-00C04F79EFBC}") = "StrategyPattern", "StrategyPattern\StrategyPattern.csproj", "{3BDC1CFF-933B-46D5-AE61-387AB2B4B3F4}"
EndProject
Project("{FAE04EC0-301F-11D3-BF4B-00C04F79EFBC}") = "TemplateMethod", "TemplateMethod\TemplateMethod.csproj", "{C6D82C9B-DED1-4B96-83E4-BD2BF76AA192}"
EndProject
Global
	GlobalSection(SolutionConfigurationPlatforms) = preSolution
		Debug|Any CPU = Debug|Any CPU
		Release|Any CPU = Release|Any CPU
	EndGlobalSection
	GlobalSection(ProjectConfigurationPlatforms) = postSolution
		{A08FCE47-3F4C-461D-A483-9E3D03DA72DB}.Debug|Any CPU.ActiveCfg = Debug|Any CPU
		{A08FCE47-3F4C-461D-A483-9E3D03DA72DB}.Debug|Any CPU.Build.0 = Debug|Any CPU
		{A08FCE47-3F4C-461D-A483-9E3D03DA72DB}.Release|Any CPU.ActiveCfg = Release|Any CPU
		{A08FCE47-3F4C-461D-A483-9E3D03DA72DB}.Release|Any CPU.Build.0 = Release|Any CPU
		{3BDC1CFF-933B-46D5-AE61-387AB2B4B3F4}.Debug|Any CPU.ActiveCfg = Debug|Any CPU
		{3BDC1CFF-933B-46D5-AE61-387AB2B4B3F4}.Debug|Any CPU.Build.0 = Debug|Any CPU
		{3BDC1CFF-933B-46D5-AE61-387AB2B4B3F4}.Release|Any CPU.ActiveCfg = Release|Any CPU
		{3BDC1CFF-933B-46D5-AE61-387AB2B4B3F4}.Release|Any CPU.Build.0 = Release|Any CPU
		{C6D82C9B-DED1-4B96-83E4-BD2BF76AA192}.Debug|Any CPU.ActiveCfg = Debug|Any CPU
		{C6D82C9B-DED1-4B96-83E4-BD2BF76AA192}.Debug|Any CPU.Build.0 = Debug|Any CPU
		{C6D82C9B-DED1-4B96-83E4-BD2BF76AA192}.Release|Any CPU.ActiveCfg = Release|Any CPU
		{C6D82C9B-DED1-4B96-83E4-BD2BF76AA192}.Release|Any CPU.Build.0 = Release|Any CPU
	EndGlobalSection
	GlobalSection(SolutionProperties) = preSolution
		HideSolutionNode = FALSE
	EndGlobalSection
EndGlobal
