
Microsoft Visual Studio Solution File, Format Version 12.00
# Visual Studio 14
VisualStudioVersion = 14.0.25420.1
MinimumVisualStudioVersion = 10.0.40219.1
Project("{FAE04EC0-301F-11D3-BF4B-00C04F79EFBC}") = "Problem01", "Problem01\Problem01.csproj", "{DD441EEE-A82F-4D69-B82C-7C41F712D123}"
EndProject
Project("{FAE04EC0-301F-11D3-BF4B-00C04F79EFBC}") = "Problem02", "Problem2\Problem02.csproj", "{D8E4B5DE-8B0B-4937-9747-DF235FBAE531}"
EndProject
Project("{FAE04EC0-301F-11D3-BF4B-00C04F79EFBC}") = "Problem03", "Problem03\Problem03.csproj", "{BB9740A7-513D-44B6-BD7A-3E4CDDC19C09}"
EndProject
Project("{FAE04EC0-301F-11D3-BF4B-00C04F79EFBC}") = "Problem04", "Problem04\Problem04.csproj", "{6907B2C5-19ED-4D8E-B931-290BD34A0C40}"
EndProject
Project("{FAE04EC0-301F-11D3-BF4B-00C04F79EFBC}") = "Tests", "Tests\Tests.csproj", "{57FEC7A0-F9AF-43EA-8158-338C0388D80C}"
EndProject
Project("{2150E333-8FDC-42A3-9474-1A3956D46DE8}") = "Tasks", "Tasks", "{5303FF32-F189-4A42-9DC0-F2145E531BED}"
EndProject
Project("{FAE04EC0-301F-11D3-BF4B-00C04F79EFBC}") = "Problem05", "Problem05\Problem05.csproj", "{96548543-D374-4A14-80D4-76C8F6848B02}"
EndProject
Project("{FAE04EC0-301F-11D3-BF4B-00C04F79EFBC}") = "Problem06", "Problem06\Problem06.csproj", "{FA64C8A1-0F47-40E8-9E7D-781A4E4212B2}"
EndProject
Project("{FAE04EC0-301F-11D3-BF4B-00C04F79EFBC}") = "Problem07", "Problem07\Problem07.csproj", "{245D7A24-C389-4463-B666-DCFF47E423CE}"
EndProject
Project("{FAE04EC0-301F-11D3-BF4B-00C04F79EFBC}") = "Problem08", "Problem08\Problem08.csproj", "{2DF04CAB-00AF-42D5-AC16-DF1A38BB68F5}"
EndProject
Project("{FAE04EC0-301F-11D3-BF4B-00C04F79EFBC}") = "Problem09", "Problem09\Problem09.csproj", "{875F8DD8-8CB8-40F7-8330-5766519ECA02}"
EndProject
Project("{FAE04EC0-301F-11D3-BF4B-00C04F79EFBC}") = "Problem10", "Problem10\Problem10.csproj", "{B2D6A120-17EA-481D-A562-CAEB722DA611}"
EndProject
Project("{FAE04EC0-301F-11D3-BF4B-00C04F79EFBC}") = "Problem11", "Problem11\Problem11.csproj", "{5BC675A3-8179-4A19-971C-91B791DF786E}"
EndProject
Project("{FAE04EC0-301F-11D3-BF4B-00C04F79EFBC}") = "Problem12", "Problem12\Problem12.csproj", "{8651A9EE-8B56-4C19-A31B-DD98FABBB483}"
EndProject
Project("{FAE04EC0-301F-11D3-BF4B-00C04F79EFBC}") = "Problem13", "Problem13\Problem13.csproj", "{86AE4F3E-154A-4E26-8863-E121F429B061}"
EndProject
Project("{FAE04EC0-301F-11D3-BF4B-00C04F79EFBC}") = "Test10", "Test10\Test10.csproj", "{7C06B953-3F8E-4B80-BDD3-0FFEE0C21CE0}"
EndProject
Global
	GlobalSection(SolutionConfigurationPlatforms) = preSolution
		Debug|Any CPU = Debug|Any CPU
		Release|Any CPU = Release|Any CPU
	EndGlobalSection
	GlobalSection(ProjectConfigurationPlatforms) = postSolution
		{DD441EEE-A82F-4D69-B82C-7C41F712D123}.Debug|Any CPU.ActiveCfg = Debug|Any CPU
		{DD441EEE-A82F-4D69-B82C-7C41F712D123}.Debug|Any CPU.Build.0 = Debug|Any CPU
		{DD441EEE-A82F-4D69-B82C-7C41F712D123}.Release|Any CPU.ActiveCfg = Release|Any CPU
		{DD441EEE-A82F-4D69-B82C-7C41F712D123}.Release|Any CPU.Build.0 = Release|Any CPU
		{D8E4B5DE-8B0B-4937-9747-DF235FBAE531}.Debug|Any CPU.ActiveCfg = Debug|Any CPU
		{D8E4B5DE-8B0B-4937-9747-DF235FBAE531}.Debug|Any CPU.Build.0 = Debug|Any CPU
		{D8E4B5DE-8B0B-4937-9747-DF235FBAE531}.Release|Any CPU.ActiveCfg = Release|Any CPU
		{D8E4B5DE-8B0B-4937-9747-DF235FBAE531}.Release|Any CPU.Build.0 = Release|Any CPU
		{BB9740A7-513D-44B6-BD7A-3E4CDDC19C09}.Debug|Any CPU.ActiveCfg = Debug|Any CPU
		{BB9740A7-513D-44B6-BD7A-3E4CDDC19C09}.Debug|Any CPU.Build.0 = Debug|Any CPU
		{BB9740A7-513D-44B6-BD7A-3E4CDDC19C09}.Release|Any CPU.ActiveCfg = Release|Any CPU
		{BB9740A7-513D-44B6-BD7A-3E4CDDC19C09}.Release|Any CPU.Build.0 = Release|Any CPU
		{6907B2C5-19ED-4D8E-B931-290BD34A0C40}.Debug|Any CPU.ActiveCfg = Debug|Any CPU
		{6907B2C5-19ED-4D8E-B931-290BD34A0C40}.Debug|Any CPU.Build.0 = Debug|Any CPU
		{6907B2C5-19ED-4D8E-B931-290BD34A0C40}.Release|Any CPU.ActiveCfg = Release|Any CPU
		{6907B2C5-19ED-4D8E-B931-290BD34A0C40}.Release|Any CPU.Build.0 = Release|Any CPU
		{57FEC7A0-F9AF-43EA-8158-338C0388D80C}.Debug|Any CPU.ActiveCfg = Debug|Any CPU
		{57FEC7A0-F9AF-43EA-8158-338C0388D80C}.Debug|Any CPU.Build.0 = Debug|Any CPU
		{57FEC7A0-F9AF-43EA-8158-338C0388D80C}.Release|Any CPU.ActiveCfg = Release|Any CPU
		{57FEC7A0-F9AF-43EA-8158-338C0388D80C}.Release|Any CPU.Build.0 = Release|Any CPU
		{96548543-D374-4A14-80D4-76C8F6848B02}.Debug|Any CPU.ActiveCfg = Debug|Any CPU
		{96548543-D374-4A14-80D4-76C8F6848B02}.Debug|Any CPU.Build.0 = Debug|Any CPU
		{96548543-D374-4A14-80D4-76C8F6848B02}.Release|Any CPU.ActiveCfg = Release|Any CPU
		{96548543-D374-4A14-80D4-76C8F6848B02}.Release|Any CPU.Build.0 = Release|Any CPU
		{FA64C8A1-0F47-40E8-9E7D-781A4E4212B2}.Debug|Any CPU.ActiveCfg = Debug|Any CPU
		{FA64C8A1-0F47-40E8-9E7D-781A4E4212B2}.Debug|Any CPU.Build.0 = Debug|Any CPU
		{FA64C8A1-0F47-40E8-9E7D-781A4E4212B2}.Release|Any CPU.ActiveCfg = Release|Any CPU
		{FA64C8A1-0F47-40E8-9E7D-781A4E4212B2}.Release|Any CPU.Build.0 = Release|Any CPU
		{245D7A24-C389-4463-B666-DCFF47E423CE}.Debug|Any CPU.ActiveCfg = Debug|Any CPU
		{245D7A24-C389-4463-B666-DCFF47E423CE}.Debug|Any CPU.Build.0 = Debug|Any CPU
		{245D7A24-C389-4463-B666-DCFF47E423CE}.Release|Any CPU.ActiveCfg = Release|Any CPU
		{245D7A24-C389-4463-B666-DCFF47E423CE}.Release|Any CPU.Build.0 = Release|Any CPU
		{2DF04CAB-00AF-42D5-AC16-DF1A38BB68F5}.Debug|Any CPU.ActiveCfg = Debug|Any CPU
		{2DF04CAB-00AF-42D5-AC16-DF1A38BB68F5}.Debug|Any CPU.Build.0 = Debug|Any CPU
		{2DF04CAB-00AF-42D5-AC16-DF1A38BB68F5}.Release|Any CPU.ActiveCfg = Release|Any CPU
		{2DF04CAB-00AF-42D5-AC16-DF1A38BB68F5}.Release|Any CPU.Build.0 = Release|Any CPU
		{875F8DD8-8CB8-40F7-8330-5766519ECA02}.Debug|Any CPU.ActiveCfg = Debug|Any CPU
		{875F8DD8-8CB8-40F7-8330-5766519ECA02}.Debug|Any CPU.Build.0 = Debug|Any CPU
		{875F8DD8-8CB8-40F7-8330-5766519ECA02}.Release|Any CPU.ActiveCfg = Release|Any CPU
		{875F8DD8-8CB8-40F7-8330-5766519ECA02}.Release|Any CPU.Build.0 = Release|Any CPU
		{B2D6A120-17EA-481D-A562-CAEB722DA611}.Debug|Any CPU.ActiveCfg = Debug|Any CPU
		{B2D6A120-17EA-481D-A562-CAEB722DA611}.Debug|Any CPU.Build.0 = Debug|Any CPU
		{B2D6A120-17EA-481D-A562-CAEB722DA611}.Release|Any CPU.ActiveCfg = Release|Any CPU
		{B2D6A120-17EA-481D-A562-CAEB722DA611}.Release|Any CPU.Build.0 = Release|Any CPU
		{5BC675A3-8179-4A19-971C-91B791DF786E}.Debug|Any CPU.ActiveCfg = Debug|Any CPU
		{5BC675A3-8179-4A19-971C-91B791DF786E}.Debug|Any CPU.Build.0 = Debug|Any CPU
		{5BC675A3-8179-4A19-971C-91B791DF786E}.Release|Any CPU.ActiveCfg = Release|Any CPU
		{5BC675A3-8179-4A19-971C-91B791DF786E}.Release|Any CPU.Build.0 = Release|Any CPU
		{8651A9EE-8B56-4C19-A31B-DD98FABBB483}.Debug|Any CPU.ActiveCfg = Debug|Any CPU
		{8651A9EE-8B56-4C19-A31B-DD98FABBB483}.Debug|Any CPU.Build.0 = Debug|Any CPU
		{8651A9EE-8B56-4C19-A31B-DD98FABBB483}.Release|Any CPU.ActiveCfg = Release|Any CPU
		{8651A9EE-8B56-4C19-A31B-DD98FABBB483}.Release|Any CPU.Build.0 = Release|Any CPU
		{86AE4F3E-154A-4E26-8863-E121F429B061}.Debug|Any CPU.ActiveCfg = Debug|Any CPU
		{86AE4F3E-154A-4E26-8863-E121F429B061}.Debug|Any CPU.Build.0 = Debug|Any CPU
		{86AE4F3E-154A-4E26-8863-E121F429B061}.Release|Any CPU.ActiveCfg = Release|Any CPU
		{86AE4F3E-154A-4E26-8863-E121F429B061}.Release|Any CPU.Build.0 = Release|Any CPU
		{7C06B953-3F8E-4B80-BDD3-0FFEE0C21CE0}.Debug|Any CPU.ActiveCfg = Debug|Any CPU
		{7C06B953-3F8E-4B80-BDD3-0FFEE0C21CE0}.Debug|Any CPU.Build.0 = Debug|Any CPU
		{7C06B953-3F8E-4B80-BDD3-0FFEE0C21CE0}.Release|Any CPU.ActiveCfg = Release|Any CPU
		{7C06B953-3F8E-4B80-BDD3-0FFEE0C21CE0}.Release|Any CPU.Build.0 = Release|Any CPU
	EndGlobalSection
	GlobalSection(SolutionProperties) = preSolution
		HideSolutionNode = FALSE
	EndGlobalSection
	GlobalSection(NestedProjects) = preSolution
		{DD441EEE-A82F-4D69-B82C-7C41F712D123} = {5303FF32-F189-4A42-9DC0-F2145E531BED}
		{D8E4B5DE-8B0B-4937-9747-DF235FBAE531} = {5303FF32-F189-4A42-9DC0-F2145E531BED}
		{BB9740A7-513D-44B6-BD7A-3E4CDDC19C09} = {5303FF32-F189-4A42-9DC0-F2145E531BED}
		{6907B2C5-19ED-4D8E-B931-290BD34A0C40} = {5303FF32-F189-4A42-9DC0-F2145E531BED}
		{96548543-D374-4A14-80D4-76C8F6848B02} = {5303FF32-F189-4A42-9DC0-F2145E531BED}
		{FA64C8A1-0F47-40E8-9E7D-781A4E4212B2} = {5303FF32-F189-4A42-9DC0-F2145E531BED}
		{245D7A24-C389-4463-B666-DCFF47E423CE} = {5303FF32-F189-4A42-9DC0-F2145E531BED}
		{2DF04CAB-00AF-42D5-AC16-DF1A38BB68F5} = {5303FF32-F189-4A42-9DC0-F2145E531BED}
		{875F8DD8-8CB8-40F7-8330-5766519ECA02} = {5303FF32-F189-4A42-9DC0-F2145E531BED}
		{B2D6A120-17EA-481D-A562-CAEB722DA611} = {5303FF32-F189-4A42-9DC0-F2145E531BED}
		{5BC675A3-8179-4A19-971C-91B791DF786E} = {5303FF32-F189-4A42-9DC0-F2145E531BED}
		{8651A9EE-8B56-4C19-A31B-DD98FABBB483} = {5303FF32-F189-4A42-9DC0-F2145E531BED}
		{86AE4F3E-154A-4E26-8863-E121F429B061} = {5303FF32-F189-4A42-9DC0-F2145E531BED}
		{7C06B953-3F8E-4B80-BDD3-0FFEE0C21CE0} = {5303FF32-F189-4A42-9DC0-F2145E531BED}
	EndGlobalSection
EndGlobal
